
Microsoft Visual Studio Solution File, Format Version 12.00
# Visual Studio Version 17
VisualStudioVersion = 17.3.32929.385
MinimumVisualStudioVersion = 10.0.40219.1
Project("{8BC9CEB8-8B4A-11D0-8D11-00A0C91BC942}") = "search an element in an array", "search an element in an array\search an element in an array.vcxproj", "{4A9AAE30-C79B-43D7-9620-9D9BAE57D6A1}"
EndProject
Global
	GlobalSection(SolutionConfigurationPlatforms) = preSolution
		Debug|x64 = Debug|x64
		Debug|x86 = Debug|x86
		Release|x64 = Release|x64
		Release|x86 = Release|x86
	EndGlobalSection
	GlobalSection(ProjectConfigurationPlatforms) = postSolution
		{4A9AAE30-C79B-43D7-9620-9D9BAE57D6A1}.Debug|x64.ActiveCfg = Debug|x64
		{4A9AAE30-C79B-43D7-9620-9D9BAE57D6A1}.Debug|x64.Build.0 = Debug|x64
		{4A9AAE30-C79B-43D7-9620-9D9BAE57D6A1}.Debug|x86.ActiveCfg = Debug|Win32
		{4A9AAE30-C79B-43D7-9620-9D9BAE57D6A1}.Debug|x86.Build.0 = Debug|Win32
		{4A9AAE30-C79B-43D7-9620-9D9BAE57D6A1}.Release|x64.ActiveCfg = Release|x64
		{4A9AAE30-C79B-43D7-9620-9D9BAE57D6A1}.Release|x64.Build.0 = Release|x64
		{4A9AAE30-C79B-43D7-9620-9D9BAE57D6A1}.Release|x86.ActiveCfg = Release|Win32
		{4A9AAE30-C79B-43D7-9620-9D9BAE57D6A1}.Release|x86.Build.0 = Release|Win32
	EndGlobalSection
	GlobalSection(SolutionProperties) = preSolution
		HideSolutionNode = FALSE
	EndGlobalSection
	GlobalSection(ExtensibilityGlobals) = postSolution
		SolutionGuid = {B885E4B6-A009-4CB3-818A-32B669F06BC6}
	EndGlobalSection
EndGlobal
